Microsoft Visual Studio Solution File, Format Version 12.00
# Visual Studio Version 17
VisualStudioVersion = 17.5.2.0
MinimumVisualStudioVersion = 10.0.40219.1
Project("{FAE04EC0-301F-11D3-BF4B-00C04F79EFBC}") = "Assignment5_AashutoshPaneru", "Assignment5_AashutoshPaneru.csproj", "{1DCE983D-1E2D-587C-14D0-541DC46F8BAD}"
EndProject
Global
	GlobalSection(SolutionConfigurationPlatforms) = preSolution
		Debug|Any CPU = Debug|Any CPU
		Release|Any CPU = Release|Any CPU
	EndGlobalSection
	GlobalSection(ProjectConfigurationPlatforms) = postSolution
		{1DCE983D-1E2D-587C-14D0-541DC46F8BAD}.Debug|Any CPU.ActiveCfg = Debug|Any CPU
		{1DCE983D-1E2D-587C-14D0-541DC46F8BAD}.Debug|Any CPU.Build.0 = Debug|Any CPU
		{1DCE983D-1E2D-587C-14D0-541DC46F8BAD}.Release|Any CPU.ActiveCfg = Release|Any CPU
		{1DCE983D-1E2D-587C-14D0-541DC46F8BAD}.Release|Any CPU.Build.0 = Release|Any CPU
	EndGlobalSection
	GlobalSection(SolutionProperties) = preSolution
		HideSolutionNode = FALSE
	EndGlobalSection
	GlobalSection(ExtensibilityGlobals) = postSolution
		SolutionGuid = {91EDFEDF-812E-4405-B810-D8298705FC47}
	EndGlobalSection
EndGlobal
